// !$*UTF8*$!
{
	archiveVersion = 1;
	classes = {
	};
	objectVersion = 46;
	objects = {

/* Begin PBXBuildFile section */
		26D852F31D3180BB00257DBF /* AppDelegate.swift in Sources */ = {isa = PBXBuildFile; fileRef = 26D852F21D3180BB00257DBF /* AppDelegate.swift */; };
		26D852F51D3180BB00257DBF /* ViewController.swift in Sources */ = {isa = PBXBuildFile; fileRef = 26D852F41D3180BB00257DBF /* ViewController.swift */; };
		26D852F81D3180BB00257DBF /* Main.storyboard in Resources */ = {isa = PBXBuildFile; fileRef = 26D852F61D3180BB00257DBF /* Main.storyboard */; };
		26D852FA1D3180BB00257DBF /* Assets.xcassets in Resources */ = {isa = PBXBuildFile; fileRef = 26D852F91D3180BB00257DBF /* Assets.xcassets */; };
		26D852FD1D3180BB00257DBF /* LaunchScreen.storyboard in Resources */ = {isa = PBXBuildFile; fileRef = 26D852FB1D3180BB00257DBF /* LaunchScreen.storyboard */; };
		26D853081D3180BB00257DBF /* beefreeTests.swift in Sources */ = {isa = PBXBuildFile; fileRef = 26D853071D3180BB00257DBF /* beefreeTests.swift */; };
		26D853131D3180BB00257DBF /* beefreeUITests.swift in Sources */ = {isa = PBXBuildFile; fileRef = 26D853121D3180BB00257DBF /* beefreeUITests.swift */; };
/* End PBXBuildFile section */

/* Begin PBXContainerItemProxy section */
		26D853041D3180BB00257DBF /* PBXContainerItemProxy */ = {
			isa = PBXContainerItemProxy;
			containerPortal = 26D852E71D3180BB00257DBF /* Project object */;
			proxyType = 1;
			remoteGlobalIDString = 26D852EE1D3180BB00257DBF;
			remoteInfo = beefree;
		};
		26D8530F1D3180BB00257DBF /* PBXContainerItemProxy */ = {
			isa = PBXContainerItemProxy;
			containerPortal = 26D852E71D3180BB00257DBF /* Project object */;
			proxyType = 1;
			remoteGlobalIDString = 26D852EE1D3180BB00257DBF;
			remoteInfo = beefree;
		};
/* End PBXContainerItemProxy section */

/* Begin PBXFileReference section */
		26D852EF1D3180BB00257DBF /* beefree.app */ = {isa = PBXFileReference; explicitFileType = wrapper.application; includeInIndex = 0; path = beefree.app; sourceTree = BUILT_PRODUCTS_DIR; };
		26D852F21D3180BB00257DBF /* AppDelegate.swift */ = {isa = PBXFileReference; lastKnownFileType = sourcecode.swift; path = AppDelegate.swift; sourceTree = "<group>"; };
		26D852F41D3180BB00257DBF /* ViewController.swift */ = {isa = PBXFileReference; lastKnownFileType = sourcecode.swift; path = ViewController.swift; sourceTree = "<group>"; };
		26D852F71D3180BB00257DBF /* Base */ = {isa = PBXFileReference; lastKnownFileType = file.storyboard; name = Base; path = Base.lproj/Main.storyboard; sourceTree = "<group>"; };
		26D852F91D3180BB00257DBF /* Assets.xcassets */ = {isa = PBXFileReference; lastKnownFileType = folder.assetcatalog; path = Assets.xcassets; sourceTree = "<group>"; };
		26D852FC1D3180BB00257DBF /* Base */ = {isa = PBXFileReference; lastKnownFileType = file.storyboard; name = Base; path = Base.lproj/LaunchScreen.storyboard; sourceTree = "<group>"; };
		26D852FE1D3180BB00257DBF /* Info.plist */ = {isa = PBXFileReference; lastKnownFileType = text.plist.xml; path = Info.plist; sourceTree = "<group>"; };
		26D853031D3180BB00257DBF /* beefreeTests.xctest */ = {isa = PBXFileReference; explicitFileType = wrapper.cfbundle; includeInIndex = 0; path = beefreeTests.xctest; sourceTree = BUILT_PRODUCTS_DIR; };
		26D853071D3180BB00257DBF /* beefreeTests.swift */ = {isa = PBXFileReference; lastKnownFileType = sourcecode.swift; path = beefreeTests.swift; sourceTree = "<group>"; };
		26D853091D3180BB00257DBF /* Info.plist */ = {isa = PBXFileReference; lastKnownFileType = text.plist.xml; path = Info.plist; sourceTree = "<group>"; };
		26D8530E1D3180BB00257DBF /* beefreeUITests.xctest */ = {isa = PBXFileReference; explicitFileType = wrapper.cfbundle; includeInIndex = 0; path = beefreeUITests.xctest; sourceTree = BUILT_PRODUCTS_DIR; };
		26D853121D3180BB00257DBF /* beefreeUITests.swift */ = {isa = PBXFileReference; lastKnownFileType = sourcecode.swift; path = beefreeUITests.swift; sourceTree = "<group>"; };
		26D853141D3180BB00257DBF /* Info.plist */ = {isa = PBXFileReference; lastKnownFileType = text.plist.xml; path = Info.plist; sourceTree = "<group>"; };
/* End PBXFileReference section */

/* Begin PBXFrameworksBuildPhase section */
		26D852EC1D3180BB00257DBF /* Frameworks */ = {
			isa = PBXFrameworksBuildPhase;
			buildActionMask = 2147483647;
			files = (
			);
			runOnlyForDeploymentPostprocessing = 0;
		};
		26D853001D3180BB00257DBF /* Frameworks */ = {
			isa = PBXFrameworksBuildPhase;
			buildActionMask = 2147483647;
			files = (
			);
			runOnlyForDeploymentPostprocessing = 0;
		};
		26D8530B1D3180BB00257DBF /* Frameworks */ = {
			isa = PBXFrameworksBuildPhase;
			buildActionMask = 2147483647;
			files = (
			);
			runOnlyForDeploymentPostprocessing = 0;
		};
/* End PBXFrameworksBuildPhase section */

/* Begin PBXGroup section */
		26D852E61D3180BB00257DBF = {
			isa = PBXGroup;
			children = (
				26D852F11D3180BB00257DBF /* beefree */,
				26D853061D3180BB00257DBF /* beefreeTests */,
				26D853111D3180BB00257DBF /* beefreeUITests */,
				26D852F01D3180BB00257DBF /* Products */,
			);
			sourceTree = "<group>";
		};
		26D852F01D3180BB00257DBF /* Products */ = {
			isa = PBXGroup;
			children = (
				26D852EF1D3180BB00257DBF /* beefree.app */,
				26D853031D3180BB00257DBF /* beefreeTests.xctest */,
				26D8530E1D3180BB00257DBF /* beefreeUITests.xctest */,
			);
			name = Products;
			sourceTree = "<group>";
		};
		26D852F11D3180BB00257DBF /* beefree */ = {
			isa = PBXGroup;
			children = (
				26D852F21D3180BB00257DBF /* AppDelegate.swift */,
				26D852F41D3180BB00257DBF /* ViewController.swift */,
				26D852F61D3180BB00257DBF /* Main.storyboard */,
				26D852F91D3180BB00257DBF /* Assets.xcassets */,
				26D852FB1D3180BB00257DBF /* LaunchScreen.storyboard */,
				26D852FE1D3180BB00257DBF /* Info.plist */,
			);
			path = beefree;
			sourceTree = "<group>";
		};
		26D853061D3180BB00257DBF /* beefreeTests */ = {
			isa = PBXGroup;
			children = (
				26D853071D3180BB00257DBF /* beefreeTests.swift */,
				26D853091D3180BB00257DBF /* Info.plist */,
			);
			path = beefreeTests;
			sourceTree = "<group>";
		};
		26D853111D3180BB00257DBF /* beefreeUITests */ = {
			isa = PBXGroup;
			children = (
				26D853121D3180BB00257DBF /* beefreeUITests.swift */,
				26D853141D3180BB00257DBF /* Info.plist */,
			);
			path = beefreeUITests;
			sourceTree = "<group>";
		};
/* End PBXGroup section */

/* Begin PBXNativeTarget section */
		26D852EE1D3180BB00257DBF /* beefree */ = {
			isa = PBXNativeTarget;
			buildConfigurationList = 26D853171D3180BB00257DBF /* Build configuration list for PBXNativeTarget "beefree" */;
			buildPhases = (
				26D852EB1D3180BB00257DBF /* Sources */,
				26D852EC1D3180BB00257DBF /* Frameworks */,
				26D852ED1D3180BB00257DBF /* Resources */,
			);
			buildRules = (
			);
			dependencies = (
			);
			name = beefree;
			productName = beefree;
			productReference = 26D852EF1D3180BB00257DBF /* beefree.app */;
			productType = "com.apple.product-type.application";
		};
		26D853021D3180BB00257DBF /* beefreeTests */ = {
			isa = PBXNativeTarget;
			buildConfigurationList = 26D8531A1D3180BB00257DBF /* Build configuration list for PBXNativeTarget "beefreeTests" */;
			buildPhases = (
				26D852FF1D3180BB00257DBF /* Sources */,
				26D853001D3180BB00257DBF /* Frameworks */,
				26D853011D3180BB00257DBF /* Resources */,
			);
			buildRules = (
			);
			dependencies = (
				26D853051D3180BB00257DBF /* PBXTargetDependency */,
			);
			name = beefreeTests;
			productName = beefreeTests;
			productReference = 26D853031D3180BB00257DBF /* beefreeTests.xctest */;
			productType = "com.apple.product-type.bundle.unit-test";
		};
		26D8530D1D3180BB00257DBF /* beefreeUITests */ = {
			isa = PBXNativeTarget;
			buildConfigurationList = 26D8531D1D3180BB00257DBF /* Build configuration list for PBXNativeTarget "beefreeUITests" */;
			buildPhases = (
				26D8530A1D3180BB00257DBF /* Sources */,
				26D8530B1D3180BB00257DBF /* Frameworks */,
				26D8530C1D3180BB00257DBF /* Resources */,
			);
			buildRules = (
			);
			dependencies = (
				26D853101D3180BB00257DBF /* PBXTargetDependency */,
			);
			name = beefreeUITests;
			productName = beefreeUITests;
			productReference = 26D8530E1D3180BB00257DBF /* beefreeUITests.xctest */;
			productType = "com.apple.product-type.bundle.ui-testing";
		};
/* End PBXNativeTarget section */

/* Begin PBXProject section */
		26D852E71D3180BB00257DBF /* Project object */ = {
			isa = PBXProject;
			attributes = {
				LastSwiftUpdateCheck = 0730;
				LastUpgradeCheck = 0730;
				ORGANIZATIONNAME = BeeFree;
				TargetAttributes = {
					26D852EE1D3180BB00257DBF = {
						CreatedOnToolsVersion = 7.3.1;
					};
					26D853021D3180BB00257DBF = {
						CreatedOnToolsVersion = 7.3.1;
						TestTargetID = 26D852EE1D3180BB00257DBF;
					};
					26D8530D1D3180BB00257DBF = {
						CreatedOnToolsVersion = 7.3.1;
						TestTargetID = 26D852EE1D3180BB00257DBF;
					};
				};
			};
			buildConfigurationList = 26D852EA1D3180BB00257DBF /* Build configuration list for PBXProject "beefree" */;
			compatibilityVersion = "Xcode 3.2";
			developmentRegion = English;
			hasScannedForEncodings = 0;
			knownRegions = (
				en,
				Base,
			);
			mainGroup = 26D852E61D3180BB00257DBF;
			productRefGroup = 26D852F01D3180BB00257DBF /* Products */;
			projectDirPath = "";
			projectRoot = "";
			targets = (
				26D852EE1D3180BB00257DBF /* beefree */,
				26D853021D3180BB00257DBF /* beefreeTests */,
				26D8530D1D3180BB00257DBF /* beefreeUITests */,
			);
		};
/* End PBXProject section */

/* Begin PBXResourcesBuildPhase section */
		26D852ED1D3180BB00257DBF /* Resources */ = {
			isa = PBXResourcesBuildPhase;
			buildActionMask = 2147483647;
			files = (
				26D852FD1D3180BB00257DBF /* LaunchScreen.storyboard in Resources */,
				26D852FA1D3180BB00257DBF /* Assets.xcassets in Resources */,
				26D852F81D3180BB00257DBF /* Main.storyboard in Resources */,
			);
			runOnlyForDeploymentPostprocessing = 0;
		};
		26D853011D3180BB00257DBF /* Resources */ = {
			isa = PBXResourcesBuildPhase;
			buildActionMask = 2147483647;
			files = (
			);
			runOnlyForDeploymentPostprocessing = 0;
		};
		26D8530C1D3180BB00257DBF /* Resources */ = {
			isa = PBXResourcesBuildPhase;
			buildActionMask = 2147483647;
			files = (
			);
			runOnlyForDeploymentPostprocessing = 0;
		};
/* End PBXResourcesBuildPhase section */

/* Begin PBXSourcesBuildPhase section */
		26D852EB1D3180BB00257DBF /* Sources */ = {
			isa = PBXSourcesBuildPhase;
			buildActionMask = 2147483647;
			files = (
				26D852F51D3180BB00257DBF /* ViewController.swift in Sources */,
				26D852F31D3180BB00257DBF /* AppDelegate.swift in Sources */,
			);
			runOnlyForDeploymentPostprocessing = 0;
		};
		26D852FF1D3180BB00257DBF /* Sources */ = {
			isa = PBXSourcesBuildPhase;
			buildActionMask = 2147483647;
			files = (
				26D853081D3180BB00257DBF /* beefreeTests.swift in Sources */,
			);
			runOnlyForDeploymentPostprocessing = 0;
		};
		26D8530A1D3180BB00257DBF /* Sources */ = {
			isa = PBXSourcesBuildPhase;
			buildActionMask = 2147483647;
			files = (
				26D853131D3180BB00257DBF /* beefreeUITests.swift in Sources */,
			);
			runOnlyForDeploymentPostprocessing = 0;
		};
/* End PBXSourcesBuildPhase section */

/* Begin PBXTargetDependency section */
		26D853051D3180BB00257DBF /* PBXTargetDependency */ = {
			isa = PBXTargetDependency;
			target = 26D852EE1D3180BB00257DBF /* beefree */;
			targetProxy = 26D853041D3180BB00257DBF /* PBXContainerItemProxy */;
		};
		26D853101D3180BB00257DBF /* PBXTargetDependency */ = {
			isa = PBXTargetDependency;
			target = 26D852EE1D3180BB00257DBF /* beefree */;
			targetProxy = 26D8530F1D3180BB00257DBF /* PBXContainerItemProxy */;
		};
/* End PBXTargetDependency section */

/* Begin PBXVariantGroup section */
		26D852F61D3180BB00257DBF /* Main.storyboard */ = {
			isa = PBXVariantGroup;
			children = (
				26D852F71D3180BB00257DBF /* Base */,
			);
			name = Main.storyboard;
			sourceTree = "<group>";
		};
		26D852FB1D3180BB00257DBF /* LaunchScreen.storyboard */ = {
			isa = PBXVariantGroup;
			children = (
				26D852FC1D3180BB00257DBF /* Base */,
			);
			name = LaunchScreen.storyboard;
			sourceTree = "<group>";
		};
/* End PBXVariantGroup section */

/* Begin XCBuildConfiguration section */
		26D853151D3180BB00257DBF /* Debug */ = {
			isa = XCBuildConfiguration;
			buildSettings = {
				ALWAYS_SEARCH_USER_PATHS = NO;
				CLANG_ANALYZER_NONNULL = YES;
				CLANG_CXX_LANGUAGE_STANDARD = "gnu++0x";
				CLANG_CXX_LIBRARY = "libc++";
				CLANG_ENABLE_MODULES = YES;
				CLANG_ENABLE_OBJC_ARC = YES;
				CLANG_WARN_BOOL_CONVERSION = YES;
				CLANG_WARN_CONSTANT_CONVERSION = YES;
				CLANG_WARN_DIRECT_OBJC_ISA_USAGE = YES_ERROR;
				CLANG_WARN_EMPTY_BODY = YES;
				CLANG_WARN_ENUM_CONVERSION = YES;
				CLANG_WARN_INT_CONVERSION = YES;
				CLANG_WARN_OBJC_ROOT_CLASS = YES_ERROR;
				CLANG_WARN_UNREACHABLE_CODE = YES;
				CLANG_WARN__DUPLICATE_METHOD_MATCH = YES;
				"CODE_SIGN_IDENTITY[sdk=iphoneos*]" = "iPhone Developer";
				COPY_PHASE_STRIP = NO;
				DEBUG_INFORMATION_FORMAT = dwarf;
				ENABLE_STRICT_OBJC_MSGSEND = YES;
				ENABLE_TESTABILITY = YES;
				GCC_C_LANGUAGE_STANDARD = gnu99;
				GCC_DYNAMIC_NO_PIC = NO;
				GCC_NO_COMMON_BLOCKS = YES;
				GCC_OPTIMIZATION_LEVEL = 0;
				GCC_PREPROCESSOR_DEFINITIONS = (
					"DEBUG=1",
					"$(inherited)",
				);
				GCC_WARN_64_TO_32_BIT_CONVERSION = YES;
				GCC_WARN_ABOUT_RETURN_TYPE = YES_ERROR;
				GCC_WARN_UNDECLARED_SELECTOR = YES;
				GCC_WARN_UNINITIALIZED_AUTOS = YES_AGGRESSIVE;
				GCC_WARN_UNUSED_FUNCTION = YES;
				GCC_WARN_UNUSED_VARIABLE = YES;
				IPHONEOS_DEPLOYMENT_TARGET = 9.3;
				MTL_ENABLE_DEBUG_INFO = YES;
				ONLY_ACTIVE_ARCH = YES;
				SDKROOT = iphoneos;
				SWIFT_OPTIMIZATION_LEVEL = "-Onone";
				TARGETED_DEVICE_FAMILY = "1,2";
			};
			name = Debug;
		};
		26D853161D3180BB00257DBF /* Release */ = {
			isa = XCBuildConfiguration;
			buildSettings = {
				ALWAYS_SEARCH_USER_PATHS = NO;
				CLANG_ANALYZER_NONNULL = YES;
				CLANG_CXX_LANGUAGE_STANDARD = "gnu++0x";
				CLANG_CXX_LIBRARY = "libc++";
				CLANG_ENABLE_MODULES = YES;
				CLANG_ENABLE_OBJC_ARC = YES;
				CLANG_WARN_BOOL_CONVERSION = YES;
				CLANG_WARN_CONSTANT_CONVERSION = YES;
				CLANG_WARN_DIRECT_OBJC_ISA_USAGE = YES_ERROR;
				CLANG_WARN_EMPTY_BODY = YES;
				CLANG_WARN_ENUM_CONVERSION = YES;
				CLANG_WARN_INT_CONVERSION = YES;
				CLANG_WARN_OBJC_ROOT_CLASS = YES_ERROR;
				CLANG_WARN_UNREACHABLE_CODE = YES;
				CLANG_WARN__DUPLICATE_METHOD_MATCH = YES;
				"CODE_SIGN_IDENTITY[sdk=iphoneos*]" = "iPhone Developer";
				COPY_PHASE_STRIP = NO;
				DEBUG_INFORMATION_FORMAT = "dwarf-with-dsym";
				ENABLE_NS_ASSERTIONS = NO;
				ENABLE_STRICT_OBJC_MSGSEND = YES;
				GCC_C_LANGUAGE_STANDARD = gnu99;
				GCC_NO_COMMON_BLOCKS = YES;
				GCC_WARN_64_TO_32_BIT_CONVERSION = YES;
				GCC_WARN_ABOUT_RETURN_TYPE = YES_ERROR;
				GCC_WARN_UNDECLARED_SELECTOR = YES;
				GCC_WARN_UNINITIALIZED_AUTOS = YES_AGGRESSIVE;
				GCC_WARN_UNUSED_FUNCTION = YES;
				GCC_WARN_UNUSED_VARIABLE = YES;
				IPHONEOS_DEPLOYMENT_TARGET = 9.3;
				MTL_ENABLE_DEBUG_INFO = NO;
				SDKROOT = iphoneos;
				TARGETED_DEVICE_FAMILY = "1,2";
				VALIDATE_PRODUCT = YES;
			};
			name = Release;
		};
		26D853181D3180BB00257DBF /* Debug */ = {
			isa = XCBuildConfiguration;
			buildSettings = {
				ASSETCATALOG_COMPILER_APPICON_NAME = AppIcon;
				INFOPLIST_FILE = beefree/Info.plist;
				LD_RUNPATH_SEARCH_PATHS = "$(inherited) @executable_path/Frameworks";
				PRODUCT_BUNDLE_IDENTIFIER = BeeFree.beefree;
				PRODUCT_NAME = "$(TARGET_NAME)";
			};
			name = Debug;
		};
		26D853191D3180BB00257DBF /* Release */ = {
			isa = XCBuildConfiguration;
			buildSettings = {
				ASSETCATALOG_COMPILER_APPICON_NAME = AppIcon;
				INFOPLIST_FILE = beefree/Info.plist;
				LD_RUNPATH_SEARCH_PATHS = "$(inherited) @executable_path/Frameworks";
				PRODUCT_BUNDLE_IDENTIFIER = BeeFree.beefree;
				PRODUCT_NAME = "$(TARGET_NAME)";
			};
			name = Release;
		};
		26D8531B1D3180BB00257DBF /* Debug */ = {
			isa = XCBuildConfiguration;
			buildSettings = {
				BUNDLE_LOADER = "$(TEST_HOST)";
				INFOPLIST_FILE = beefreeTests/Info.plist;
				LD_RUNPATH_SEARCH_PATHS = "$(inherited) @executable_path/Frameworks @loader_path/Frameworks";
				PRODUCT_BUNDLE_IDENTIFIER = BeeFree.beefreeTests;
				PRODUCT_NAME = "$(TARGET_NAME)";
				TEST_HOST = "$(BUILT_PRODUCTS_DIR)/beefree.app/beefree";
			};
			name = Debug;
		};
		26D8531C1D3180BB00257DBF /* Release */ = {
			isa = XCBuildConfiguration;
			buildSettings = {
				BUNDLE_LOADER = "$(TEST_HOST)";
				INFOPLIST_FILE = beefreeTests/Info.plist;
				LD_RUNPATH_SEARCH_PATHS = "$(inherited) @executable_path/Frameworks @loader_path/Frameworks";
				PRODUCT_BUNDLE_IDENTIFIER = BeeFree.beefreeTests;
				PRODUCT_NAME = "$(TARGET_NAME)";
				TEST_HOST = "$(BUILT_PRODUCTS_DIR)/beefree.app/beefree";
			};
			name = Release;
		};
		26D8531E1D3180BB00257DBF /* Debug */ = {
			isa = XCBuildConfiguration;
			buildSettings = {
				INFOPLIST_FILE = beefreeUITests/Info.plist;
				LD_RUNPATH_SEARCH_PATHS = "$(inherited) @executable_path/Frameworks @loader_path/Frameworks";
				PRODUCT_BUNDLE_IDENTIFIER = BeeFree.beefreeUITests;
				PRODUCT_NAME = "$(TARGET_NAME)";
				TEST_TARGET_NAME = beefree;
			};
			name = Debug;
		};
		26D8531F1D3180BB00257DBF /* Release */ = {
			isa = XCBuildConfiguration;
			buildSettings = {
				INFOPLIST_FILE = beefreeUITests/Info.plist;
				LD_RUNPATH_SEARCH_PATHS = "$(inherited) @executable_path/Frameworks @loader_path/Frameworks";
				PRODUCT_BUNDLE_IDENTIFIER = BeeFree.beefreeUITests;
				PRODUCT_NAME = "$(TARGET_NAME)";
				TEST_TARGET_NAME = beefree;
			};
			name = Release;
		};
/* End XCBuildConfiguration section */

/* Begin XCConfigurationList section */
		26D852EA1D3180BB00257DBF /* Build configuration list for PBXProject "beefree" */ = {
			isa = XCConfigurationList;
			buildConfigurations = (
				26D853151D3180BB00257DBF /* Debug */,
				26D853161D3180BB00257DBF /* Release */,
			);
			defaultConfigurationIsVisible = 0;
			defaultConfigurationName = Release;
		};
		26D853171D3180BB00257DBF /* Build configuration list for PBXNativeTarget "beefree" */ = {
			isa = XCConfigurationList;
			buildConfigurations = (
				26D853181D3180BB00257DBF /* Debug */,
				26D853191D3180BB00257DBF /* Release */,
			);
			defaultConfigurationIsVisible = 0;
		};
		26D8531A1D3180BB00257DBF /* Build configuration list for PBXNativeTarget "beefreeTests" */ = {
			isa = XCConfigurationList;
			buildConfigurations = (
				26D8531B1D3180BB00257DBF /* Debug */,
				26D8531C1D3180BB00257DBF /* Release */,
			);
			defaultConfigurationIsVisible = 0;
		};
		26D8531D1D3180BB00257DBF /* Build configuration list for PBXNativeTarget "beefreeUITests" */ = {
			isa = XCConfigurationList;
			buildConfigurations = (
				26D8531E1D3180BB00257DBF /* Debug */,
				26D8531F1D3180BB00257DBF /* Release */,
			);
			defaultConfigurationIsVisible = 0;
		};
/* End XCConfigurationList section */
	};
	rootObject = 26D852E71D3180BB00257DBF /* Project object */;
}
